PODS:
  - Submodule (0.1.0):
    - UIRouter
  - UIRouter (0.2.0.alpha)
  - UIRouter/Web (0.2.0.alpha)

DEPENDENCIES:
  - Submodule (from `Submodule/`)
  - UIRouter/Web (from `../`)

EXTERNAL SOURCES:
  Submodule:
    :path: Submodule/
  UIRouter:
    :path: "../"

SPEC CHECKSUMS:
  Submodule: 4d6c30b294c43d33503985e348909fd7c4c02353
  UIRouter: 57c6fd4e66a174927134a6d962a9452c6e17fc12

PODFILE CHECKSUM: 5387537adb0879783c29a9e30e3acc9630837f78

COCOAPODS: 1.10.1
