PODS:
  - Submodule (0.1.0):
    - UIRouter
  - UIRouter (0.1.0.alpha)

DEPENDENCIES:
  - Submodule (from `Submodule/`)
  - UIRouter (from `../`)

EXTERNAL SOURCES:
  Submodule:
    :path: Submodule/
  UIRouter:
    :path: "../"

SPEC CHECKSUMS:
  Submodule: 4d6c30b294c43d33503985e348909fd7c4c02353
  UIRouter: cc1486c13af569df95ed9a6c0dfb0b8e5532ec65

PODFILE CHECKSUM: ba24c8ebfe1e7f5e3aea87b3cd76d9bb52a9c99e

COCOAPODS: 1.10.1
